// !$*UTF8*$!
{
	archiveVersion = 1;
	classes = {
	};
	objectVersion = 46;
	objects = {

/* Begin PBXBuildFile section */
		403CA25A1F54B12500690455 /* main.m in Sources */ = {isa = PBXBuildFile; fileRef = 403CA2591F54B12500690455 /* main.m */; };
		403CA25D1F54B12500690455 /* AppDelegate.m in Sources */ = {isa = PBXBuildFile; fileRef = 403CA25C1F54B12500690455 /* AppDelegate.m */; };
		403CA2631F54B12500690455 /* Main.storyboard in Resources */ = {isa = PBXBuildFile; fileRef = 403CA2611F54B12500690455 /* Main.storyboard */; };
		403CA2651F54B12500690455 /* Assets.xcassets in Resources */ = {isa = PBXBuildFile; fileRef = 403CA2641F54B12500690455 /* Assets.xcassets */; };
		403CA2681F54B12500690455 /* LaunchScreen.storyboard in Resources */ = {isa = PBXBuildFile; fileRef = 403CA2661F54B12500690455 /* LaunchScreen.storyboard */; };
		403CA2761F54CAD500690455 /* NGNImageCell.m in Sources */ = {isa = PBXBuildFile; fileRef = 403CA2751F54CAD500690455 /* NGNImageCell.m */; };
		403CA2791F54D05300690455 /* UIImage+NGNScaledImage.m in Sources */ = {isa = PBXBuildFile; fileRef = 403CA2781F54D05300690455 /* UIImage+NGNScaledImage.m */; };
		403CA27F1F54D37800690455 /* NGNFilteringViewController.m in Sources */ = {isa = PBXBuildFile; fileRef = 403CA27C1F54D37800690455 /* NGNFilteringViewController.m */; };
		403CA2801F54D37800690455 /* NGNSelectViewController.m in Sources */ = {isa = PBXBuildFile; fileRef = 403CA27E1F54D37800690455 /* NGNSelectViewController.m */; };
		403CA2831F54D39B00690455 /* NGNFilteringService.m in Sources */ = {isa = PBXBuildFile; fileRef = 403CA2821F54D39B00690455 /* NGNFilteringService.m */; };
		403CA2891F54DCE400690455 /* QuartzCore.framework in Frameworks */ = {isa = PBXBuildFile; fileRef = 403CA2881F54DCE400690455 /* QuartzCore.framework */; };
		403CA28B1F54DCEF00690455 /* Photos.framework in Frameworks */ = {isa = PBXBuildFile; fileRef = 403CA28A1F54DCEF00690455 /* Photos.framework */; };
/* End PBXBuildFile section */

/* Begin PBXFileReference section */
		403CA2551F54B12500690455 /* 11_PhotoFilters.app */ = {isa = PBXFileReference; explicitFileType = wrapper.application; includeInIndex = 0; path = 11_PhotoFilters.app; sourceTree = BUILT_PRODUCTS_DIR; };
		403CA2591F54B12500690455 /* main.m */ = {isa = PBXFileReference; lastKnownFileType = sourcecode.c.objc; path = main.m; sourceTree = "<group>"; };
		403CA25B1F54B12500690455 /* AppDelegate.h */ = {isa = PBXFileReference; lastKnownFileType = sourcecode.c.h; path = AppDelegate.h; sourceTree = "<group>"; };
		403CA25C1F54B12500690455 /* AppDelegate.m */ = {isa = PBXFileReference; lastKnownFileType = sourcecode.c.objc; path = AppDelegate.m; sourceTree = "<group>"; };
		403CA2621F54B12500690455 /* Base */ = {isa = PBXFileReference; lastKnownFileType = file.storyboard; name = Base; path = Base.lproj/Main.storyboard; sourceTree = "<group>"; };
		403CA2641F54B12500690455 /* Assets.xcassets */ = {isa = PBXFileReference; lastKnownFileType = folder.assetcatalog; path = Assets.xcassets; sourceTree = "<group>"; };
		403CA2671F54B12500690455 /* Base */ = {isa = PBXFileReference; lastKnownFileType = file.storyboard; name = Base; path = Base.lproj/LaunchScreen.storyboard; sourceTree = "<group>"; };
		403CA2691F54B12500690455 /* Info.plist */ = {isa = PBXFileReference; lastKnownFileType = text.plist.xml; path = Info.plist; sourceTree = "<group>"; };
		403CA2741F54CAD500690455 /* NGNImageCell.h */ = {isa = PBXFileReference; fileEncoding = 4; lastKnownFileType = sourcecode.c.h; name = NGNImageCell.h; path = View/NGNImageCell.h; sourceTree = "<group>"; };
		403CA2751F54CAD500690455 /* NGNImageCell.m */ = {isa = PBXFileReference; fileEncoding = 4; lastKnownFileType = sourcecode.c.objc; name = NGNImageCell.m; path = View/NGNImageCell.m; sourceTree = "<group>"; };
		403CA2771F54D05300690455 /* UIImage+NGNScaledImage.h */ = {isa = PBXFileReference; fileEncoding = 4; lastKnownFileType = sourcecode.c.h; name = "UIImage+NGNScaledImage.h"; path = "View/UIImage+NGNScaledImage.h"; sourceTree = "<group>"; };
		403CA2781F54D05300690455 /* UIImage+NGNScaledImage.m */ = {isa = PBXFileReference; fileEncoding = 4; lastKnownFileType = sourcecode.c.objc; name = "UIImage+NGNScaledImage.m"; path = "View/UIImage+NGNScaledImage.m"; sourceTree = "<group>"; };
		403CA27B1F54D37800690455 /* NGNFilteringViewController.h */ = {isa = PBXFileReference; fileEncoding = 4; lastKnownFileType = sourcecode.c.h; name = NGNFilteringViewController.h; path = 11_PhotoFilters/Controller/NGNFilteringViewController.h; sourceTree = "<group>"; };
		403CA27C1F54D37800690455 /* NGNFilteringViewController.m */ = {isa = PBXFileReference; fileEncoding = 4; lastKnownFileType = sourcecode.c.objc; name = NGNFilteringViewController.m; path = 11_PhotoFilters/Controller/NGNFilteringViewController.m; sourceTree = "<group>"; };
		403CA27D1F54D37800690455 /* NGNSelectViewController.h */ = {isa = PBXFileReference; fileEncoding = 4; lastKnownFileType = sourcecode.c.h; name = NGNSelectViewController.h; path = 11_PhotoFilters/Controller/NGNSelectViewController.h; sourceTree = "<group>"; };
		403CA27E1F54D37800690455 /* NGNSelectViewController.m */ = {isa = PBXFileReference; fileEncoding = 4; lastKnownFileType = sourcecode.c.objc; name = NGNSelectViewController.m; path = 11_PhotoFilters/Controller/NGNSelectViewController.m; sourceTree = "<group>"; };
		403CA2811F54D39B00690455 /* NGNFilteringService.h */ = {isa = PBXFileReference; fileEncoding = 4; lastKnownFileType = sourcecode.c.h; name = NGNFilteringService.h; path = Model/NGNFilteringService.h; sourceTree = "<group>"; };
		403CA2821F54D39B00690455 /* NGNFilteringService.m */ = {isa = PBXFileReference; fileEncoding = 4; lastKnownFileType = sourcecode.c.objc; name = NGNFilteringService.m; path = Model/NGNFilteringService.m; sourceTree = "<group>"; };
		403CA2881F54DCE400690455 /* QuartzCore.framework */ = {isa = PBXFileReference; lastKnownFileType = wrapper.framework; name = QuartzCore.framework; path = System/Library/Frameworks/QuartzCore.framework; sourceTree = SDKROOT; };
		403CA28A1F54DCEF00690455 /* Photos.framework */ = {isa = PBXFileReference; lastKnownFileType = wrapper.framework; name = Photos.framework; path = System/Library/Frameworks/Photos.framework; sourceTree = SDKROOT; };
/* End PBXFileReference section */

/* Begin PBXFrameworksBuildPhase section */
		403CA2521F54B12500690455 /* Frameworks */ = {
			isa = PBXFrameworksBuildPhase;
			buildActionMask = 2147483647;
			files = (
				403CA28B1F54DCEF00690455 /* Photos.framework in Frameworks */,
				403CA2891F54DCE400690455 /* QuartzCore.framework in Frameworks */,
			);
			runOnlyForDeploymentPostprocessing = 0;
		};
/* End PBXFrameworksBuildPhase section */

/* Begin PBXGroup section */
		403CA24C1F54B12500690455 = {
			isa = PBXGroup;
			children = (
				403CA2571F54B12500690455 /* 11_PhotoFilters */,
				403CA2561F54B12500690455 /* Products */,
				403CA2871F54DCE400690455 /* Frameworks */,
			);
			sourceTree = "<group>";
		};
		403CA2561F54B12500690455 /* Products */ = {
			isa = PBXGroup;
			children = (
				403CA2551F54B12500690455 /* 11_PhotoFilters.app */,
			);
			name = Products;
			sourceTree = "<group>";
		};
		403CA2571F54B12500690455 /* 11_PhotoFilters */ = {
			isa = PBXGroup;
			children = (
				403CA25B1F54B12500690455 /* AppDelegate.h */,
				403CA25C1F54B12500690455 /* AppDelegate.m */,
				403CA27A1F54D34500690455 /* Model */,
				403CA2731F54CA9C00690455 /* View */,
				403CA2721F54CA8200690455 /* Controller */,
				403CA2581F54B12500690455 /* Supporting Files */,
			);
			path = 11_PhotoFilters;
			sourceTree = "<group>";
		};
		403CA2581F54B12500690455 /* Supporting Files */ = {
			isa = PBXGroup;
			children = (
				403CA2611F54B12500690455 /* Main.storyboard */,
				403CA2641F54B12500690455 /* Assets.xcassets */,
				403CA2661F54B12500690455 /* LaunchScreen.storyboard */,
				403CA2691F54B12500690455 /* Info.plist */,
				403CA2591F54B12500690455 /* main.m */,
			);
			name = "Supporting Files";
			sourceTree = "<group>";
		};
		403CA2721F54CA8200690455 /* Controller */ = {
			isa = PBXGroup;
			children = (
				403CA27B1F54D37800690455 /* NGNFilteringViewController.h */,
				403CA27C1F54D37800690455 /* NGNFilteringViewController.m */,
				403CA27D1F54D37800690455 /* NGNSelectViewController.h */,
				403CA27E1F54D37800690455 /* NGNSelectViewController.m */,
			);
			name = Controller;
			path = ..;
			sourceTree = "<group>";
		};
		403CA2731F54CA9C00690455 /* View */ = {
			isa = PBXGroup;
			children = (
				403CA2741F54CAD500690455 /* NGNImageCell.h */,
				403CA2751F54CAD500690455 /* NGNImageCell.m */,
				403CA2771F54D05300690455 /* UIImage+NGNScaledImage.h */,
				403CA2781F54D05300690455 /* UIImage+NGNScaledImage.m */,
			);
			name = View;
			sourceTree = "<group>";
		};
		403CA27A1F54D34500690455 /* Model */ = {
			isa = PBXGroup;
			children = (
				403CA2811F54D39B00690455 /* NGNFilteringService.h */,
				403CA2821F54D39B00690455 /* NGNFilteringService.m */,
			);
			name = Model;
			sourceTree = "<group>";
		};
		403CA2871F54DCE400690455 /* Frameworks */ = {
			isa = PBXGroup;
			children = (
				403CA28A1F54DCEF00690455 /* Photos.framework */,
				403CA2881F54DCE400690455 /* QuartzCore.framework */,
			);
			name = Frameworks;
			sourceTree = "<group>";
		};
/* End PBXGroup section */

/* Begin PBXNativeTarget section */
		403CA2541F54B12500690455 /* 11_PhotoFilters */ = {
			isa = PBXNativeTarget;
			buildConfigurationList = 403CA26C1F54B12500690455 /* Build configuration list for PBXNativeTarget "11_PhotoFilters" */;
			buildPhases = (
				403CA2511F54B12500690455 /* Sources */,
				403CA2521F54B12500690455 /* Frameworks */,
				403CA2531F54B12500690455 /* Resources */,
			);
			buildRules = (
			);
			dependencies = (
			);
			name = 11_PhotoFilters;
			productName = 11_PhotoFilters;
			productReference = 403CA2551F54B12500690455 /* 11_PhotoFilters.app */;
			productType = "com.apple.product-type.application";
		};
/* End PBXNativeTarget section */

/* Begin PBXProject section */
		403CA24D1F54B12500690455 /* Project object */ = {
			isa = PBXProject;
			attributes = {
				CLASSPREFIX = NGN;
				LastUpgradeCheck = 0830;
				ORGANIZATIONNAME = "Alexey Stafeyev";
				TargetAttributes = {
					403CA2541F54B12500690455 = {
						CreatedOnToolsVersion = 8.3.3;
						DevelopmentTeam = 9M22BH66EU;
						ProvisioningStyle = Automatic;
					};
				};
			};
			buildConfigurationList = 403CA2501F54B12500690455 /* Build configuration list for PBXProject "11_PhotoFilters" */;
			compatibilityVersion = "Xcode 3.2";
			developmentRegion = English;
			hasScannedForEncodings = 0;
			knownRegions = (
				en,
				Base,
			);
			mainGroup = 403CA24C1F54B12500690455;
			productRefGroup = 403CA2561F54B12500690455 /* Products */;
			projectDirPath = "";
			projectRoot = "";
			targets = (
				403CA2541F54B12500690455 /* 11_PhotoFilters */,
			);
		};
/* End PBXProject section */

/* Begin PBXResourcesBuildPhase section */
		403CA2531F54B12500690455 /* Resources */ = {
			isa = PBXResourcesBuildPhase;
			buildActionMask = 2147483647;
			files = (
				403CA2681F54B12500690455 /* LaunchScreen.storyboard in Resources */,
				403CA2651F54B12500690455 /* Assets.xcassets in Resources */,
				403CA2631F54B12500690455 /* Main.storyboard in Resources */,
			);
			runOnlyForDeploymentPostprocessing = 0;
		};
/* End PBXResourcesBuildPhase section */

/* Begin PBXSourcesBuildPhase section */
		403CA2511F54B12500690455 /* Sources */ = {
			isa = PBXSourcesBuildPhase;
			buildActionMask = 2147483647;
			files = (
				403CA2831F54D39B00690455 /* NGNFilteringService.m in Sources */,
				403CA2761F54CAD500690455 /* NGNImageCell.m in Sources */,
				403CA27F1F54D37800690455 /* NGNFilteringViewController.m in Sources */,
				403CA25D1F54B12500690455 /* AppDelegate.m in Sources */,
				403CA25A1F54B12500690455 /* main.m in Sources */,
				403CA2801F54D37800690455 /* NGNSelectViewController.m in Sources */,
				403CA2791F54D05300690455 /* UIImage+NGNScaledImage.m in Sources */,
			);
			runOnlyForDeploymentPostprocessing = 0;
		};
/* End PBXSourcesBuildPhase section */

/* Begin PBXVariantGroup section */
		403CA2611F54B12500690455 /* Main.storyboard */ = {
			isa = PBXVariantGroup;
			children = (
				403CA2621F54B12500690455 /* Base */,
			);
			name = Main.storyboard;
			sourceTree = "<group>";
		};
		403CA2661F54B12500690455 /* LaunchScreen.storyboard */ = {
			isa = PBXVariantGroup;
			children = (
				403CA2671F54B12500690455 /* Base */,
			);
			name = LaunchScreen.storyboard;
			sourceTree = "<group>";
		};
/* End PBXVariantGroup section */

/* Begin XCBuildConfiguration section */
		403CA26A1F54B12500690455 /* Debug */ = {
			isa = XCBuildConfiguration;
			buildSettings = {
				ALWAYS_SEARCH_USER_PATHS = NO;
				CLANG_ANALYZER_NONNULL = YES;
				CLANG_ANALYZER_NUMBER_OBJECT_CONVERSION = YES_AGGRESSIVE;
				CLANG_CXX_LANGUAGE_STANDARD = "gnu++0x";
				CLANG_CXX_LIBRARY = "libc++";
				CLANG_ENABLE_MODULES = YES;
				CLANG_ENABLE_OBJC_ARC = YES;
				CLANG_WARN_BOOL_CONVERSION = YES;
				CLANG_WARN_CONSTANT_CONVERSION = YES;
				CLANG_WARN_DIRECT_OBJC_ISA_USAGE = YES_ERROR;
				CLANG_WARN_DOCUMENTATION_COMMENTS = YES;
				CLANG_WARN_EMPTY_BODY = YES;
				CLANG_WARN_ENUM_CONVERSION = YES;
				CLANG_WARN_INFINITE_RECURSION = YES;
				CLANG_WARN_INT_CONVERSION = YES;
				CLANG_WARN_OBJC_ROOT_CLASS = YES_ERROR;
				CLANG_WARN_SUSPICIOUS_MOVE = YES;
				CLANG_WARN_UNREACHABLE_CODE = YES;
				CLANG_WARN__DUPLICATE_METHOD_MATCH = YES;
				"CODE_SIGN_IDENTITY[sdk=iphoneos*]" = "iPhone Developer";
				COPY_PHASE_STRIP = NO;
				DEBUG_INFORMATION_FORMAT = dwarf;
				ENABLE_STRICT_OBJC_MSGSEND = YES;
				ENABLE_TESTABILITY = YES;
				GCC_C_LANGUAGE_STANDARD = gnu99;
				GCC_DYNAMIC_NO_PIC = NO;
				GCC_NO_COMMON_BLOCKS = YES;
				GCC_OPTIMIZATION_LEVEL = 0;
				GCC_PREPROCESSOR_DEFINITIONS = (
					"DEBUG=1",
					"$(inherited)",
				);
				GCC_WARN_64_TO_32_BIT_CONVERSION = YES;
				GCC_WARN_ABOUT_RETURN_TYPE = YES_ERROR;
				GCC_WARN_UNDECLARED_SELECTOR = YES;
				GCC_WARN_UNINITIALIZED_AUTOS = YES_AGGRESSIVE;
				GCC_WARN_UNUSED_FUNCTION = YES;
				GCC_WARN_UNUSED_VARIABLE = YES;
				IPHONEOS_DEPLOYMENT_TARGET = 10.3;
				MTL_ENABLE_DEBUG_INFO = YES;
				ONLY_ACTIVE_ARCH = YES;
				SDKROOT = iphoneos;
			};
			name = Debug;
		};
		403CA26B1F54B12500690455 /* Release */ = {
			isa = XCBuildConfiguration;
			buildSettings = {
				ALWAYS_SEARCH_USER_PATHS = NO;
				CLANG_ANALYZER_NONNULL = YES;
				CLANG_ANALYZER_NUMBER_OBJECT_CONVERSION = YES_AGGRESSIVE;
				CLANG_CXX_LANGUAGE_STANDARD = "gnu++0x";
				CLANG_CXX_LIBRARY = "libc++";
				CLANG_ENABLE_MODULES = YES;
				CLANG_ENABLE_OBJC_ARC = YES;
				CLANG_WARN_BOOL_CONVERSION = YES;
				CLANG_WARN_CONSTANT_CONVERSION = YES;
				CLANG_WARN_DIRECT_OBJC_ISA_USAGE = YES_ERROR;
				CLANG_WARN_DOCUMENTATION_COMMENTS = YES;
				CLANG_WARN_EMPTY_BODY = YES;
				CLANG_WARN_ENUM_CONVERSION = YES;
				CLANG_WARN_INFINITE_RECURSION = YES;
				CLANG_WARN_INT_CONVERSION = YES;
				CLANG_WARN_OBJC_ROOT_CLASS = YES_ERROR;
				CLANG_WARN_SUSPICIOUS_MOVE = YES;
				CLANG_WARN_UNREACHABLE_CODE = YES;
				CLANG_WARN__DUPLICATE_METHOD_MATCH = YES;
				"CODE_SIGN_IDENTITY[sdk=iphoneos*]" = "iPhone Developer";
				COPY_PHASE_STRIP = NO;
				DEBUG_INFORMATION_FORMAT = "dwarf-with-dsym";
				ENABLE_NS_ASSERTIONS = NO;
				ENABLE_STRICT_OBJC_MSGSEND = YES;
				GCC_C_LANGUAGE_STANDARD = gnu99;
				GCC_NO_COMMON_BLOCKS = YES;
				GCC_WARN_64_TO_32_BIT_CONVERSION = YES;
				GCC_WARN_ABOUT_RETURN_TYPE = YES_ERROR;
				GCC_WARN_UNDECLARED_SELECTOR = YES;
				GCC_WARN_UNINITIALIZED_AUTOS = YES_AGGRESSIVE;
				GCC_WARN_UNUSED_FUNCTION = YES;
				GCC_WARN_UNUSED_VARIABLE = YES;
				IPHONEOS_DEPLOYMENT_TARGET = 10.3;
				MTL_ENABLE_DEBUG_INFO = NO;
				SDKROOT = iphoneos;
				VALIDATE_PRODUCT = YES;
			};
			name = Release;
		};
		403CA26D1F54B12500690455 /* Debug */ = {
			isa = XCBuildConfiguration;
			buildSettings = {
				ASSETCATALOG_COMPILER_APPICON_NAME = AppIcon;
				DEVELOPMENT_TEAM = 9M22BH66EU;
				INFOPLIST_FILE = 11_PhotoFilters/Info.plist;
				IPHONEOS_DEPLOYMENT_TARGET = 10.0;
				LD_RUNPATH_SEARCH_PATHS = "$(inherited) @executable_path/Frameworks";
				PRODUCT_BUNDLE_IDENTIFIER = NGN.PhotoFilters;
				PRODUCT_NAME = "$(TARGET_NAME)";
			};
			name = Debug;
		};
		403CA26E1F54B12500690455 /* Release */ = {
			isa = XCBuildConfiguration;
			buildSettings = {
				ASSETCATALOG_COMPILER_APPICON_NAME = AppIcon;
				DEVELOPMENT_TEAM = 9M22BH66EU;
				INFOPLIST_FILE = 11_PhotoFilters/Info.plist;
				IPHONEOS_DEPLOYMENT_TARGET = 10.0;
				LD_RUNPATH_SEARCH_PATHS = "$(inherited) @executable_path/Frameworks";
				PRODUCT_BUNDLE_IDENTIFIER = NGN.PhotoFilters;
				PRODUCT_NAME = "$(TARGET_NAME)";
			};
			name = Release;
		};
/* End XCBuildConfiguration section */

/* Begin XCConfigurationList section */
		403CA2501F54B12500690455 /* Build configuration list for PBXProject "11_PhotoFilters" */ = {
			isa = XCConfigurationList;
			buildConfigurations = (
				403CA26A1F54B12500690455 /* Debug */,
				403CA26B1F54B12500690455 /* Release */,
			);
			defaultConfigurationIsVisible = 0;
			defaultConfigurationName = Release;
		};
		403CA26C1F54B12500690455 /* Build configuration list for PBXNativeTarget "11_PhotoFilters" */ = {
			isa = XCConfigurationList;
			buildConfigurations = (
				403CA26D1F54B12500690455 /* Debug */,
				403CA26E1F54B12500690455 /* Release */,
			);
			defaultConfigurationIsVisible = 0;
			defaultConfigurationName = Release;
		};
/* End XCConfigurationList section */
	};
	rootObject = 403CA24D1F54B12500690455 /* Project object */;
}
